// !$*UTF8*$!
{
	archiveVersion = 1;
	classes = {
	};
	objectVersion = 46;
	objects = {

/* Begin PBXBuildFile section */
		B36C2B7616E71F230020C0C7 /* UIKit.framework in Frameworks */ = {isa = PBXBuildFile; fileRef = B36C2B7516E71F230020C0C7 /* UIKit.framework */; };
		B36C2B7816E71F230020C0C7 /* Foundation.framework in Frameworks */ = {isa = PBXBuildFile; fileRef = B36C2B7716E71F230020C0C7 /* Foundation.framework */; };
		B36C2B7A16E71F230020C0C7 /* CoreGraphics.framework in Frameworks */ = {isa = PBXBuildFile; fileRef = B36C2B7916E71F230020C0C7 /* CoreGraphics.framework */; };
		B36C2B8016E71F230020C0C7 /* InfoPlist.strings in Resources */ = {isa = PBXBuildFile; fileRef = B36C2B7E16E71F230020C0C7 /* InfoPlist.strings */; };
		B36C2B8216E71F230020C0C7 /* main.m in Sources */ = {isa = PBXBuildFile; fileRef = B36C2B8116E71F230020C0C7 /* main.m */; };
		B36C2B8616E71F230020C0C7 /* MLAppDelegate.m in Sources */ = {isa = PBXBuildFile; fileRef = B36C2B8516E71F230020C0C7 /* MLAppDelegate.m */; };
		B36C2B8816E71F230020C0C7 /* Default.png in Resources */ = {isa = PBXBuildFile; fileRef = B36C2B8716E71F230020C0C7 /* Default.png */; };
		B36C2B8A16E71F230020C0C7 /* Default@2x.png in Resources */ = {isa = PBXBuildFile; fileRef = B36C2B8916E71F230020C0C7 /* Default@2x.png */; };
		B36C2B8C16E71F230020C0C7 /* Default-568h@2x.png in Resources */ = {isa = PBXBuildFile; fileRef = B36C2B8B16E71F230020C0C7 /* Default-568h@2x.png */; };
		B36C2B8F16E71F230020C0C7 /* MainStoryboard.storyboard in Resources */ = {isa = PBXBuildFile; fileRef = B36C2B8D16E71F230020C0C7 /* MainStoryboard.storyboard */; };
		B36C2B9216E71F230020C0C7 /* MLViewController.m in Sources */ = {isa = PBXBuildFile; fileRef = B36C2B9116E71F230020C0C7 /* MLViewController.m */; };
/* End PBXBuildFile section */

/* Begin PBXFileReference section */
		B36C2B7216E71F230020C0C7 /* SpinnyFeatureWheel.app */ = {isa = PBXFileReference; explicitFileType = wrapper.application; includeInIndex = 0; path = SpinnyFeatureWheel.app; sourceTree = BUILT_PRODUCTS_DIR; };
		B36C2B7516E71F230020C0C7 /* UIKit.framework */ = {isa = PBXFileReference; lastKnownFileType = wrapper.framework; name = UIKit.framework; path = System/Library/Frameworks/UIKit.framework; sourceTree = SDKROOT; };
		B36C2B7716E71F230020C0C7 /* Foundation.framework */ = {isa = PBXFileReference; lastKnownFileType = wrapper.framework; name = Foundation.framework; path = System/Library/Frameworks/Foundation.framework; sourceTree = SDKROOT; };
		B36C2B7916E71F230020C0C7 /* CoreGraphics.framework */ = {isa = PBXFileReference; lastKnownFileType = wrapper.framework; name = CoreGraphics.framework; path = System/Library/Frameworks/CoreGraphics.framework; sourceTree = SDKROOT; };
		B36C2B7D16E71F230020C0C7 /* SpinnyFeatureWheel-Info.plist */ = {isa = PBXFileReference; lastKnownFileType = text.plist.xml; path = "SpinnyFeatureWheel-Info.plist"; sourceTree = "<group>"; };
		B36C2B7F16E71F230020C0C7 /* en */ = {isa = PBXFileReference; lastKnownFileType = text.plist.strings; name = en; path = en.lproj/InfoPlist.strings; sourceTree = "<group>"; };
		B36C2B8116E71F230020C0C7 /* main.m */ = {isa = PBXFileReference; lastKnownFileType = sourcecode.c.objc; path = main.m; sourceTree = "<group>"; };
		B36C2B8316E71F230020C0C7 /* SpinnyFeatureWheel-Prefix.pch */ = {isa = PBXFileReference; lastKnownFileType = sourcecode.c.h; path = "SpinnyFeatureWheel-Prefix.pch"; sourceTree = "<group>"; };
		B36C2B8416E71F230020C0C7 /* MLAppDelegate.h */ = {isa = PBXFileReference; lastKnownFileType = sourcecode.c.h; path = MLAppDelegate.h; sourceTree = "<group>"; };
		B36C2B8516E71F230020C0C7 /* MLAppDelegate.m */ = {isa = PBXFileReference; lastKnownFileType = sourcecode.c.objc; path = MLAppDelegate.m; sourceTree = "<group>"; };
		B36C2B8716E71F230020C0C7 /* Default.png */ = {isa = PBXFileReference; lastKnownFileType = image.png; path = Default.png; sourceTree = "<group>"; };
		B36C2B8916E71F230020C0C7 /* Default@2x.png */ = {isa = PBXFileReference; lastKnownFileType = image.png; path = "Default@2x.png"; sourceTree = "<group>"; };
		B36C2B8B16E71F230020C0C7 /* Default-568h@2x.png */ = {isa = PBXFileReference; lastKnownFileType = image.png; path = "Default-568h@2x.png"; sourceTree = "<group>"; };
		B36C2B8E16E71F230020C0C7 /* en */ = {isa = PBXFileReference; lastKnownFileType = file.storyboard; name = en; path = en.lproj/MainStoryboard.storyboard; sourceTree = "<group>"; };
		B36C2B9016E71F230020C0C7 /* MLViewController.h */ = {isa = PBXFileReference; lastKnownFileType = sourcecode.c.h; path = MLViewController.h; sourceTree = "<group>"; };
		B36C2B9116E71F230020C0C7 /* MLViewController.m */ = {isa = PBXFileReference; lastKnownFileType = sourcecode.c.objc; path = MLViewController.m; sourceTree = "<group>"; };
/* End PBXFileReference section */

/* Begin PBXFrameworksBuildPhase section */
		B36C2B6F16E71F230020C0C7 /* Frameworks */ = {
			isa = PBXFrameworksBuildPhase;
			buildActionMask = 2147483647;
			files = (
				B36C2B7616E71F230020C0C7 /* UIKit.framework in Frameworks */,
				B36C2B7816E71F230020C0C7 /* Foundation.framework in Frameworks */,
				B36C2B7A16E71F230020C0C7 /* CoreGraphics.framework in Frameworks */,
			);
			runOnlyForDeploymentPostprocessing = 0;
		};
/* End PBXFrameworksBuildPhase section */

/* Begin PBXGroup section */
		B36C2B6916E71F220020C0C7 = {
			isa = PBXGroup;
			children = (
				B36C2B7B16E71F230020C0C7 /* SpinnyFeatureWheel */,
				B36C2B7416E71F230020C0C7 /* Frameworks */,
				B36C2B7316E71F230020C0C7 /* Products */,
			);
			sourceTree = "<group>";
		};
		B36C2B7316E71F230020C0C7 /* Products */ = {
			isa = PBXGroup;
			children = (
				B36C2B7216E71F230020C0C7 /* SpinnyFeatureWheel.app */,
			);
			name = Products;
			sourceTree = "<group>";
		};
		B36C2B7416E71F230020C0C7 /* Frameworks */ = {
			isa = PBXGroup;
			children = (
				B36C2B7516E71F230020C0C7 /* UIKit.framework */,
				B36C2B7716E71F230020C0C7 /* Foundation.framework */,
				B36C2B7916E71F230020C0C7 /* CoreGraphics.framework */,
			);
			name = Frameworks;
			sourceTree = "<group>";
		};
		B36C2B7B16E71F230020C0C7 /* SpinnyFeatureWheel */ = {
			isa = PBXGroup;
			children = (
				B36C2B8416E71F230020C0C7 /* MLAppDelegate.h */,
				B36C2B8516E71F230020C0C7 /* MLAppDelegate.m */,
				B36C2B8D16E71F230020C0C7 /* MainStoryboard.storyboard */,
				B36C2B9016E71F230020C0C7 /* MLViewController.h */,
				B36C2B9116E71F230020C0C7 /* MLViewController.m */,
				B36C2B7C16E71F230020C0C7 /* Supporting Files */,
			);
			path = SpinnyFeatureWheel;
			sourceTree = "<group>";
		};
		B36C2B7C16E71F230020C0C7 /* Supporting Files */ = {
			isa = PBXGroup;
			children = (
				B36C2B7D16E71F230020C0C7 /* SpinnyFeatureWheel-Info.plist */,
				B36C2B7E16E71F230020C0C7 /* InfoPlist.strings */,
				B36C2B8116E71F230020C0C7 /* main.m */,
				B36C2B8316E71F230020C0C7 /* SpinnyFeatureWheel-Prefix.pch */,
				B36C2B8716E71F230020C0C7 /* Default.png */,
				B36C2B8916E71F230020C0C7 /* Default@2x.png */,
				B36C2B8B16E71F230020C0C7 /* Default-568h@2x.png */,
			);
			name = "Supporting Files";
			sourceTree = "<group>";
		};
/* End PBXGroup section */

/* Begin PBXNativeTarget section */
		B36C2B7116E71F230020C0C7 /* SpinnyFeatureWheel */ = {
			isa = PBXNativeTarget;
			buildConfigurationList = B36C2B9516E71F230020C0C7 /* Build configuration list for PBXNativeTarget "SpinnyFeatureWheel" */;
			buildPhases = (
				B36C2B6E16E71F230020C0C7 /* Sources */,
				B36C2B6F16E71F230020C0C7 /* Frameworks */,
				B36C2B7016E71F230020C0C7 /* Resources */,
			);
			buildRules = (
			);
			dependencies = (
			);
			name = SpinnyFeatureWheel;
			productName = SpinnyFeatureWheel;
			productReference = B36C2B7216E71F230020C0C7 /* SpinnyFeatureWheel.app */;
			productType = "com.apple.product-type.application";
		};
/* End PBXNativeTarget section */

/* Begin PBXProject section */
		B36C2B6A16E71F230020C0C7 /* Project object */ = {
			isa = PBXProject;
			attributes = {
				CLASSPREFIX = ML;
				LastUpgradeCheck = 0460;
				ORGANIZATIONNAME = "Matt Long";
			};
			buildConfigurationList = B36C2B6D16E71F230020C0C7 /* Build configuration list for PBXProject "SpinnyFeatureWheel" */;
			compatibilityVersion = "Xcode 3.2";
			developmentRegion = English;
			hasScannedForEncodings = 0;
			knownRegions = (
				en,
			);
			mainGroup = B36C2B6916E71F220020C0C7;
			productRefGroup = B36C2B7316E71F230020C0C7 /* Products */;
			projectDirPath = "";
			projectRoot = "";
			targets = (
				B36C2B7116E71F230020C0C7 /* SpinnyFeatureWheel */,
			);
		};
/* End PBXProject section */

/* Begin PBXResourcesBuildPhase section */
		B36C2B7016E71F230020C0C7 /* Resources */ = {
			isa = PBXResourcesBuildPhase;
			buildActionMask = 2147483647;
			files = (
				B36C2B8016E71F230020C0C7 /* InfoPlist.strings in Resources */,
				B36C2B8816E71F230020C0C7 /* Default.png in Resources */,
				B36C2B8A16E71F230020C0C7 /* Default@2x.png in Resources */,
				B36C2B8C16E71F230020C0C7 /* Default-568h@2x.png in Resources */,
				B36C2B8F16E71F230020C0C7 /* MainStoryboard.storyboard in Resources */,
			);
			runOnlyForDeploymentPostprocessing = 0;
		};
/* End PBXResourcesBuildPhase section */

/* Begin PBXSourcesBuildPhase section */
		B36C2B6E16E71F230020C0C7 /* Sources */ = {
			isa = PBXSourcesBuildPhase;
			buildActionMask = 2147483647;
			files = (
				B36C2B8216E71F230020C0C7 /* main.m in Sources */,
				B36C2B8616E71F230020C0C7 /* MLAppDelegate.m in Sources */,
				B36C2B9216E71F230020C0C7 /* MLViewController.m in Sources */,
			);
			runOnlyForDeploymentPostprocessing = 0;
		};
/* End PBXSourcesBuildPhase section */

/* Begin PBXVariantGroup section */
		B36C2B7E16E71F230020C0C7 /* InfoPlist.strings */ = {
			isa = PBXVariantGroup;
			children = (
				B36C2B7F16E71F230020C0C7 /* en */,
			);
			name = InfoPlist.strings;
			sourceTree = "<group>";
		};
		B36C2B8D16E71F230020C0C7 /* MainStoryboard.storyboard */ = {
			isa = PBXVariantGroup;
			children = (
				B36C2B8E16E71F230020C0C7 /* en */,
			);
			name = MainStoryboard.storyboard;
			sourceTree = "<group>";
		};
/* End PBXVariantGroup section */

/* Begin XCBuildConfiguration section */
		B36C2B9316E71F230020C0C7 /* Debug */ = {
			isa = XCBuildConfiguration;
			buildSettings = {
				ALWAYS_SEARCH_USER_PATHS = NO;
				CLANG_CXX_LANGUAGE_STANDARD = "gnu++0x";
				CLANG_CXX_LIBRARY = "libc++";
				CLANG_ENABLE_OBJC_ARC = YES;
				CLANG_WARN_CONSTANT_CONVERSION = YES;
				CLANG_WARN_EMPTY_BODY = YES;
				CLANG_WARN_ENUM_CONVERSION = YES;
				CLANG_WARN_INT_CONVERSION = YES;
				CLANG_WARN__DUPLICATE_METHOD_MATCH = YES;
				"CODE_SIGN_IDENTITY[sdk=iphoneos*]" = "iPhone Developer";
				COPY_PHASE_STRIP = NO;
				GCC_C_LANGUAGE_STANDARD = gnu99;
				GCC_DYNAMIC_NO_PIC = NO;
				GCC_OPTIMIZATION_LEVEL = 0;
				GCC_PREPROCESSOR_DEFINITIONS = (
					"DEBUG=1",
					"$(inherited)",
				);
				GCC_SYMBOLS_PRIVATE_EXTERN = NO;
				GCC_WARN_ABOUT_RETURN_TYPE = YES;
				GCC_WARN_UNINITIALIZED_AUTOS = YES;
				GCC_WARN_UNUSED_VARIABLE = YES;
				IPHONEOS_DEPLOYMENT_TARGET = 6.1;
				ONLY_ACTIVE_ARCH = YES;
				SDKROOT = iphoneos;
				TARGETED_DEVICE_FAMILY = 2;
			};
			name = Debug;
		};
		B36C2B9416E71F230020C0C7 /* Release */ = {
			isa = XCBuildConfiguration;
			buildSettings = {
				ALWAYS_SEARCH_USER_PATHS = NO;
				CLANG_CXX_LANGUAGE_STANDARD = "gnu++0x";
				CLANG_CXX_LIBRARY = "libc++";
				CLANG_ENABLE_OBJC_ARC = YES;
				CLANG_WARN_CONSTANT_CONVERSION = YES;
				CLANG_WARN_EMPTY_BODY = YES;
				CLANG_WARN_ENUM_CONVERSION = YES;
				CLANG_WARN_INT_CONVERSION = YES;
				CLANG_WARN__DUPLICATE_METHOD_MATCH = YES;
				"CODE_SIGN_IDENTITY[sdk=iphoneos*]" = "iPhone Developer";
				COPY_PHASE_STRIP = YES;
				GCC_C_LANGUAGE_STANDARD = gnu99;
				GCC_WARN_ABOUT_RETURN_TYPE = YES;
				GCC_WARN_UNINITIALIZED_AUTOS = YES;
				GCC_WARN_UNUSED_VARIABLE = YES;
				IPHONEOS_DEPLOYMENT_TARGET = 6.1;
				OTHER_CFLAGS = "-DNS_BLOCK_ASSERTIONS=1";
				SDKROOT = iphoneos;
				TARGETED_DEVICE_FAMILY = 2;
				VALIDATE_PRODUCT = YES;
			};
			name = Release;
		};
		B36C2B9616E71F230020C0C7 /* Debug */ = {
			isa = XCBuildConfiguration;
			buildSettings = {
				GCC_PRECOMPILE_PREFIX_HEADER = YES;
				GCC_PREFIX_HEADER = "SpinnyFeatureWheel/SpinnyFeatureWheel-Prefix.pch";
				INFOPLIST_FILE = "SpinnyFeatureWheel/SpinnyFeatureWheel-Info.plist";
				PRODUCT_NAME = "$(TARGET_NAME)";
				WRAPPER_EXTENSION = app;
			};
			name = Debug;
		};
		B36C2B9716E71F230020C0C7 /* Release */ = {
			isa = XCBuildConfiguration;
			buildSettings = {
				GCC_PRECOMPILE_PREFIX_HEADER = YES;
				GCC_PREFIX_HEADER = "SpinnyFeatureWheel/SpinnyFeatureWheel-Prefix.pch";
				INFOPLIST_FILE = "SpinnyFeatureWheel/SpinnyFeatureWheel-Info.plist";
				PRODUCT_NAME = "$(TARGET_NAME)";
				WRAPPER_EXTENSION = app;
			};
			name = Release;
		};
/* End XCBuildConfiguration section */

/* Begin XCConfigurationList section */
		B36C2B6D16E71F230020C0C7 /* Build configuration list for PBXProject "SpinnyFeatureWheel" */ = {
			isa = XCConfigurationList;
			buildConfigurations = (
				B36C2B9316E71F230020C0C7 /* Debug */,
				B36C2B9416E71F230020C0C7 /* Release */,
			);
			defaultConfigurationIsVisible = 0;
			defaultConfigurationName = Release;
		};
		B36C2B9516E71F230020C0C7 /* Build configuration list for PBXNativeTarget "SpinnyFeatureWheel" */ = {
			isa = XCConfigurationList;
			buildConfigurations = (
				B36C2B9616E71F230020C0C7 /* Debug */,
				B36C2B9716E71F230020C0C7 /* Release */,
			);
			defaultConfigurationIsVisible = 0;
		};
/* End XCConfigurationList section */
	};
	rootObject = B36C2B6A16E71F230020C0C7 /* Project object */;
}
